
Microsoft Visual Studio Solution File, Format Version 12.00
# Visual Studio Version 16
VisualStudioVersion = 16.0.31321.278
MinimumVisualStudioVersion = 10.0.40219.1
Project("{2150E333-8FDC-42A3-9474-1A3956D46DE8}") = "Services", "Services", "{1F4CFE52-8EE4-4321-8DB4-1AEC33424728}"
EndProject
Project("{2150E333-8FDC-42A3-9474-1A3956D46DE8}") = "Catalog", "Catalog", "{10D9BB65-58D5-46DD-B812-1F8C7D0F41C8}"
EndProject
Project("{9A19103F-16F7-4668-BE54-9A1E7A4F7556}") = "Catalog.API", "Services\Catalog\Catalog.API\Catalog.API.csproj", "{4121095E-B9E2-449E-8AE6-E88CB6401BED}"
EndProject
Project("{E53339B2-1760-4266-BCC7-CA923CBCF16C}") = "docker-compose", "docker-compose.dcproj", "{00B2BA01-5B4E-4102-9E9D-D7AFED7FB389}"
EndProject
Project("{2150E333-8FDC-42A3-9474-1A3956D46DE8}") = "Basket", "Basket", "{5CFF054A-DA57-465C-B21F-324E267CEF9C}"
EndProject
Project("{9A19103F-16F7-4668-BE54-9A1E7A4F7556}") = "Basket.API", "Services\Basket\Basket.API\Basket.API.csproj", "{EC6E5386-F530-4023-BD8B-4F5D1336BAB7}"
EndProject
Project("{2150E333-8FDC-42A3-9474-1A3956D46DE8}") = "Discount", "Discount", "{5F999D89-9F45-4252-9422-42CE4B9700CD}"
EndProject
Project("{9A19103F-16F7-4668-BE54-9A1E7A4F7556}") = "Discount.API", "Services\Discount\Discount.API\Discount.API.csproj", "{12236CEA-BAAC-4E3F-A7BB-6EFCFD5BAF1F}"
EndProject
Project("{9A19103F-16F7-4668-BE54-9A1E7A4F7556}") = "Discount.Grpc", "Services\Discount\Discount.Grpc\Discount.Grpc.csproj", "{2AF7EC3B-F003-4041-BA9D-758FC2DA8325}"
EndProject
Project("{2150E333-8FDC-42A3-9474-1A3956D46DE8}") = "Ordering", "Ordering", "{8AC300DE-182A-4F55-9838-420927DFE638}"
EndProject
Project("{9A19103F-16F7-4668-BE54-9A1E7A4F7556}") = "Ordering.API", "Services\Ordering\Ordering.API\Ordering.API.csproj", "{48C7BEE3-0B35-4EB6-84D6-483993840FC2}"
EndProject
Project("{9A19103F-16F7-4668-BE54-9A1E7A4F7556}") = "Ordering.Domain", "Services\Ordering\Ordering.Domain\Ordering.Domain.csproj", "{45EB79DD-7F51-4EE8-A01A-110E503C6415}"
EndProject
Project("{9A19103F-16F7-4668-BE54-9A1E7A4F7556}") = "Ordering.Application", "Services\Ordering\Ordering.Application\Ordering.Application.csproj", "{CC38BBBD-A91A-4D9C-8BC5-F787484386CE}"
EndProject
Project("{9A19103F-16F7-4668-BE54-9A1E7A4F7556}") = "Ordering.Infrastructure", "Services\Ordering\Ordering.Infrastructure\Ordering.Infrastructure.csproj", "{7C59F4D7-7154-4CD2-9BEF-0CFE2F80AA00}"
EndProject
Project("{2150E333-8FDC-42A3-9474-1A3956D46DE8}") = "BuildingBlocks", "BuildingBlocks", "{442ABF1B-8366-484B-B084-350458006245}"
EndProject
Project("{9A19103F-16F7-4668-BE54-9A1E7A4F7556}") = "EventBus.Messages", "BuildingBlocks\EventBus.Messages\EventBus.Messages.csproj", "{B0CD604A-CF33-419D-AE2C-773900003B87}"
EndProject
Project("{2150E333-8FDC-42A3-9474-1A3956D46DE8}") = "APIGateways", "APIGateways", "{534AB05E-1192-49AF-B2B5-2EFAD2441CA7}"
EndProject
Project("{FAE04EC0-301F-11D3-BF4B-00C04F79EFBC}") = "OcelotApiGw", "ApiGateways\OcelotApiGw\OcelotApiGw.csproj", "{1D2A39DC-9063-4CB3-94D4-C3D36BC5F944}"
EndProject
Global
	GlobalSection(SolutionConfigurationPlatforms) = preSolution
		Debug|Any CPU = Debug|Any CPU
		Release|Any CPU = Release|Any CPU
	EndGlobalSection
	GlobalSection(ProjectConfigurationPlatforms) = postSolution
		{4121095E-B9E2-449E-8AE6-E88CB6401BED}.Debug|Any CPU.ActiveCfg = Debug|Any CPU
		{4121095E-B9E2-449E-8AE6-E88CB6401BED}.Debug|Any CPU.Build.0 = Debug|Any CPU
		{4121095E-B9E2-449E-8AE6-E88CB6401BED}.Release|Any CPU.ActiveCfg = Release|Any CPU
		{4121095E-B9E2-449E-8AE6-E88CB6401BED}.Release|Any CPU.Build.0 = Release|Any CPU
		{00B2BA01-5B4E-4102-9E9D-D7AFED7FB389}.Debug|Any CPU.ActiveCfg = Debug|Any CPU
		{00B2BA01-5B4E-4102-9E9D-D7AFED7FB389}.Debug|Any CPU.Build.0 = Debug|Any CPU
		{00B2BA01-5B4E-4102-9E9D-D7AFED7FB389}.Release|Any CPU.ActiveCfg = Release|Any CPU
		{00B2BA01-5B4E-4102-9E9D-D7AFED7FB389}.Release|Any CPU.Build.0 = Release|Any CPU
		{EC6E5386-F530-4023-BD8B-4F5D1336BAB7}.Debug|Any CPU.ActiveCfg = Debug|Any CPU
		{EC6E5386-F530-4023-BD8B-4F5D1336BAB7}.Debug|Any CPU.Build.0 = Debug|Any CPU
		{EC6E5386-F530-4023-BD8B-4F5D1336BAB7}.Release|Any CPU.ActiveCfg = Release|Any CPU
		{EC6E5386-F530-4023-BD8B-4F5D1336BAB7}.Release|Any CPU.Build.0 = Release|Any CPU
		{12236CEA-BAAC-4E3F-A7BB-6EFCFD5BAF1F}.Debug|Any CPU.ActiveCfg = Debug|Any CPU
		{12236CEA-BAAC-4E3F-A7BB-6EFCFD5BAF1F}.Debug|Any CPU.Build.0 = Debug|Any CPU
		{12236CEA-BAAC-4E3F-A7BB-6EFCFD5BAF1F}.Release|Any CPU.ActiveCfg = Release|Any CPU
		{12236CEA-BAAC-4E3F-A7BB-6EFCFD5BAF1F}.Release|Any CPU.Build.0 = Release|Any CPU
		{2AF7EC3B-F003-4041-BA9D-758FC2DA8325}.Debug|Any CPU.ActiveCfg = Debug|Any CPU
		{2AF7EC3B-F003-4041-BA9D-758FC2DA8325}.Debug|Any CPU.Build.0 = Debug|Any CPU
		{2AF7EC3B-F003-4041-BA9D-758FC2DA8325}.Release|Any CPU.ActiveCfg = Release|Any CPU
		{2AF7EC3B-F003-4041-BA9D-758FC2DA8325}.Release|Any CPU.Build.0 = Release|Any CPU
		{48C7BEE3-0B35-4EB6-84D6-483993840FC2}.Debug|Any CPU.ActiveCfg = Debug|Any CPU
		{48C7BEE3-0B35-4EB6-84D6-483993840FC2}.Debug|Any CPU.Build.0 = Debug|Any CPU
		{48C7BEE3-0B35-4EB6-84D6-483993840FC2}.Release|Any CPU.ActiveCfg = Release|Any CPU
		{48C7BEE3-0B35-4EB6-84D6-483993840FC2}.Release|Any CPU.Build.0 = Release|Any CPU
		{45EB79DD-7F51-4EE8-A01A-110E503C6415}.Debug|Any CPU.ActiveCfg = Debug|Any CPU
		{45EB79DD-7F51-4EE8-A01A-110E503C6415}.Debug|Any CPU.Build.0 = Debug|Any CPU
		{45EB79DD-7F51-4EE8-A01A-110E503C6415}.Release|Any CPU.ActiveCfg = Release|Any CPU
		{45EB79DD-7F51-4EE8-A01A-110E503C6415}.Release|Any CPU.Build.0 = Release|Any CPU
		{CC38BBBD-A91A-4D9C-8BC5-F787484386CE}.Debug|Any CPU.ActiveCfg = Debug|Any CPU
		{CC38BBBD-A91A-4D9C-8BC5-F787484386CE}.Debug|Any CPU.Build.0 = Debug|Any CPU
		{CC38BBBD-A91A-4D9C-8BC5-F787484386CE}.Release|Any CPU.ActiveCfg = Release|Any CPU
		{CC38BBBD-A91A-4D9C-8BC5-F787484386CE}.Release|Any CPU.Build.0 = Release|Any CPU
		{7C59F4D7-7154-4CD2-9BEF-0CFE2F80AA00}.Debug|Any CPU.ActiveCfg = Debug|Any CPU
		{7C59F4D7-7154-4CD2-9BEF-0CFE2F80AA00}.Debug|Any CPU.Build.0 = Debug|Any CPU
		{7C59F4D7-7154-4CD2-9BEF-0CFE2F80AA00}.Release|Any CPU.ActiveCfg = Release|Any CPU
		{7C59F4D7-7154-4CD2-9BEF-0CFE2F80AA00}.Release|Any CPU.Build.0 = Release|Any CPU
		{B0CD604A-CF33-419D-AE2C-773900003B87}.Debug|Any CPU.ActiveCfg = Debug|Any CPU
		{B0CD604A-CF33-419D-AE2C-773900003B87}.Debug|Any CPU.Build.0 = Debug|Any CPU
		{B0CD604A-CF33-419D-AE2C-773900003B87}.Release|Any CPU.ActiveCfg = Release|Any CPU
		{B0CD604A-CF33-419D-AE2C-773900003B87}.Release|Any CPU.Build.0 = Release|Any CPU
		{1D2A39DC-9063-4CB3-94D4-C3D36BC5F944}.Debug|Any CPU.ActiveCfg = Debug|Any CPU
		{1D2A39DC-9063-4CB3-94D4-C3D36BC5F944}.Debug|Any CPU.Build.0 = Debug|Any CPU
		{1D2A39DC-9063-4CB3-94D4-C3D36BC5F944}.Release|Any CPU.ActiveCfg = Release|Any CPU
		{1D2A39DC-9063-4CB3-94D4-C3D36BC5F944}.Release|Any CPU.Build.0 = Release|Any CPU
	EndGlobalSection
	GlobalSection(SolutionProperties) = preSolution
		HideSolutionNode = FALSE
	EndGlobalSection
	GlobalSection(NestedProjects) = preSolution
		{10D9BB65-58D5-46DD-B812-1F8C7D0F41C8} = {1F4CFE52-8EE4-4321-8DB4-1AEC33424728}
		{4121095E-B9E2-449E-8AE6-E88CB6401BED} = {10D9BB65-58D5-46DD-B812-1F8C7D0F41C8}
		{5CFF054A-DA57-465C-B21F-324E267CEF9C} = {1F4CFE52-8EE4-4321-8DB4-1AEC33424728}
		{EC6E5386-F530-4023-BD8B-4F5D1336BAB7} = {5CFF054A-DA57-465C-B21F-324E267CEF9C}
		{5F999D89-9F45-4252-9422-42CE4B9700CD} = {1F4CFE52-8EE4-4321-8DB4-1AEC33424728}
		{12236CEA-BAAC-4E3F-A7BB-6EFCFD5BAF1F} = {5F999D89-9F45-4252-9422-42CE4B9700CD}
		{2AF7EC3B-F003-4041-BA9D-758FC2DA8325} = {5F999D89-9F45-4252-9422-42CE4B9700CD}
		{8AC300DE-182A-4F55-9838-420927DFE638} = {1F4CFE52-8EE4-4321-8DB4-1AEC33424728}
		{48C7BEE3-0B35-4EB6-84D6-483993840FC2} = {8AC300DE-182A-4F55-9838-420927DFE638}
		{45EB79DD-7F51-4EE8-A01A-110E503C6415} = {8AC300DE-182A-4F55-9838-420927DFE638}
		{CC38BBBD-A91A-4D9C-8BC5-F787484386CE} = {8AC300DE-182A-4F55-9838-420927DFE638}
		{7C59F4D7-7154-4CD2-9BEF-0CFE2F80AA00} = {8AC300DE-182A-4F55-9838-420927DFE638}
		{B0CD604A-CF33-419D-AE2C-773900003B87} = {442ABF1B-8366-484B-B084-350458006245}
		{1D2A39DC-9063-4CB3-94D4-C3D36BC5F944} = {534AB05E-1192-49AF-B2B5-2EFAD2441CA7}
	EndGlobalSection
	GlobalSection(ExtensibilityGlobals) = postSolution
		SolutionGuid = {574F4F30-F55A-4098-BD6B-BAD179152BDB}
	EndGlobalSection
EndGlobal
